
Microsoft Visual Studio Solution File, Format Version 11.00
# Visual Studio 2010
Project("{FAE04EC0-301F-11D3-BF4B-00C04F79EFBC}") = "UIT-MeoMeo", "Assembly-CSharp.csproj", "{BDBA2F34-E504-3E9A-FAE8-D9B644AEB64C}"
EndProject
Global
	GlobalSection(SolutionConfigurationPlatforms) = preSolution
		Debug|Any CPU = Debug|Any CPU
		Release|Any CPU = Release|Any CPU
	EndGlobalSection
	GlobalSection(ProjectConfigurationPlatforms) = postSolution
		{BDBA2F34-E504-3E9A-FAE8-D9B644AEB64C}.Debug|Any CPU.ActiveCfg = Debug|Any CPU
		{BDBA2F34-E504-3E9A-FAE8-D9B644AEB64C}.Debug|Any CPU.Build.0 = Debug|Any CPU
		{BDBA2F34-E504-3E9A-FAE8-D9B644AEB64C}.Release|Any CPU.ActiveCfg = Release|Any CPU
		{BDBA2F34-E504-3E9A-FAE8-D9B644AEB64C}.Release|Any CPU.Build.0 = Release|Any CPU
	EndGlobalSection
	GlobalSection(SolutionProperties) = preSolution
		HideSolutionNode = FALSE
	EndGlobalSection
	GlobalSection(MonoDevelopProperties) = preSolution
		StartupItem = Assembly-CSharp.csproj
	EndGlobalSection
EndGlobal
